
Microsoft Visual Studio Solution File, Format Version 12.00
# Visual Studio Version 17
VisualStudioVersion = 17.11.35222.181
MinimumVisualStudioVersion = 10.0.40219.1
Project("{9A19103F-16F7-4668-BE54-9A1E7A4F7556}") = "stock prices", "lab 9\stock prices.csproj", "{0D7E22A9-9D9F-4101-A568-901D4B22B4BE}"
EndProject
Project("{FAE04EC0-301F-11D3-BF4B-00C04F79EFBC}") = "WeatherWinFormsApp", "WeatherWinFormsApp\WeatherWinFormsApp.csproj", "{30553A91-F520-419C-8458-C1CC1E61886D}"
EndProject
Global
	GlobalSection(SolutionConfigurationPlatforms) = preSolution
		Debug|Any CPU = Debug|Any CPU
		Release|Any CPU = Release|Any CPU
	EndGlobalSection
	GlobalSection(ProjectConfigurationPlatforms) = postSolution
		{0D7E22A9-9D9F-4101-A568-901D4B22B4BE}.Debug|Any CPU.ActiveCfg = Debug|Any CPU
		{0D7E22A9-9D9F-4101-A568-901D4B22B4BE}.Debug|Any CPU.Build.0 = Debug|Any CPU
		{0D7E22A9-9D9F-4101-A568-901D4B22B4BE}.Release|Any CPU.ActiveCfg = Release|Any CPU
		{0D7E22A9-9D9F-4101-A568-901D4B22B4BE}.Release|Any CPU.Build.0 = Release|Any CPU
		{30553A91-F520-419C-8458-C1CC1E61886D}.Debug|Any CPU.ActiveCfg = Debug|Any CPU
		{30553A91-F520-419C-8458-C1CC1E61886D}.Debug|Any CPU.Build.0 = Debug|Any CPU
		{30553A91-F520-419C-8458-C1CC1E61886D}.Release|Any CPU.ActiveCfg = Release|Any CPU
		{30553A91-F520-419C-8458-C1CC1E61886D}.Release|Any CPU.Build.0 = Release|Any CPU
	EndGlobalSection
	GlobalSection(SolutionProperties) = preSolution
		HideSolutionNode = FALSE
	EndGlobalSection
	GlobalSection(ExtensibilityGlobals) = postSolution
		SolutionGuid = {40800BD8-419B-4C39-AAC7-7593E6AD7C01}
	EndGlobalSection
EndGlobal
